
Microsoft Visual Studio Solution File, Format Version 12.00
# Visual Studio Version 16
VisualStudioVersion = 16.0.28822.285
MinimumVisualStudioVersion = 10.0.40219.1
Project("{FAE04EC0-301F-11D3-BF4B-00C04F79EFBC}") = "DIXamarinFormsPractice.Android", "DIXamarinFormsPractice\DIXamarinFormsPractice.Android\DIXamarinFormsPractice.Android.csproj", "{1F2646B1-1136-43DD-9942-A484FA9B7B6D}"
EndProject
Project("{FAE04EC0-301F-11D3-BF4B-00C04F79EFBC}") = "DIXamarinFormsPractice", "DIXamarinFormsPractice\DIXamarinFormsPractice\DIXamarinFormsPractice.csproj", "{01F8B63C-554A-4573-A1FC-0C694D6027C8}"
EndProject
Global
	GlobalSection(SolutionConfigurationPlatforms) = preSolution
		Debug|Any CPU = Debug|Any CPU
		Release|Any CPU = Release|Any CPU
	EndGlobalSection
	GlobalSection(ProjectConfigurationPlatforms) = postSolution
		{1F2646B1-1136-43DD-9942-A484FA9B7B6D}.Debug|Any CPU.ActiveCfg = Debug|Any CPU
		{1F2646B1-1136-43DD-9942-A484FA9B7B6D}.Debug|Any CPU.Build.0 = Debug|Any CPU
		{1F2646B1-1136-43DD-9942-A484FA9B7B6D}.Debug|Any CPU.Deploy.0 = Debug|Any CPU
		{1F2646B1-1136-43DD-9942-A484FA9B7B6D}.Release|Any CPU.ActiveCfg = Release|Any CPU
		{1F2646B1-1136-43DD-9942-A484FA9B7B6D}.Release|Any CPU.Build.0 = Release|Any CPU
		{1F2646B1-1136-43DD-9942-A484FA9B7B6D}.Release|Any CPU.Deploy.0 = Release|Any CPU
		{01F8B63C-554A-4573-A1FC-0C694D6027C8}.Debug|Any CPU.ActiveCfg = Debug|Any CPU
		{01F8B63C-554A-4573-A1FC-0C694D6027C8}.Debug|Any CPU.Build.0 = Debug|Any CPU
		{01F8B63C-554A-4573-A1FC-0C694D6027C8}.Debug|Any CPU.Deploy.0 = Debug|Any CPU
		{01F8B63C-554A-4573-A1FC-0C694D6027C8}.Release|Any CPU.ActiveCfg = Release|Any CPU
		{01F8B63C-554A-4573-A1FC-0C694D6027C8}.Release|Any CPU.Build.0 = Release|Any CPU
		{01F8B63C-554A-4573-A1FC-0C694D6027C8}.Release|Any CPU.Deploy.0 = Release|Any CPU
	EndGlobalSection
	GlobalSection(SolutionProperties) = preSolution
		HideSolutionNode = FALSE
	EndGlobalSection
	GlobalSection(ExtensibilityGlobals) = postSolution
		SolutionGuid = {53F1FF14-7D23-41CA-89A6-A85C93B3C9A8}
	EndGlobalSection
EndGlobal
